
Microsoft Visual Studio Solution File, Format Version 12.00
# Visual Studio Version 17
VisualStudioVersion = 17.10.35122.118
MinimumVisualStudioVersion = 10.0.40219.1
Project("{FAE04EC0-301F-11D3-BF4B-00C04F79EFBC}") = "Cafetera", "Cafetera.csproj", "{DB6CE4C8-A20B-4D05-AD5E-F75828F5BCA4}"
EndProject
Global
	GlobalSection(SolutionConfigurationPlatforms) = preSolution
		Debug|Any CPU = Debug|Any CPU
		Release|Any CPU = Release|Any CPU
	EndGlobalSection
	GlobalSection(ProjectConfigurationPlatforms) = postSolution
		{DB6CE4C8-A20B-4D05-AD5E-F75828F5BCA4}.Debug|Any CPU.ActiveCfg = Debug|Any CPU
		{DB6CE4C8-A20B-4D05-AD5E-F75828F5BCA4}.Debug|Any CPU.Build.0 = Debug|Any CPU
		{DB6CE4C8-A20B-4D05-AD5E-F75828F5BCA4}.Release|Any CPU.ActiveCfg = Release|Any CPU
		{DB6CE4C8-A20B-4D05-AD5E-F75828F5BCA4}.Release|Any CPU.Build.0 = Release|Any CPU
	EndGlobalSection
	GlobalSection(SolutionProperties) = preSolution
		HideSolutionNode = FALSE
	EndGlobalSection
	GlobalSection(ExtensibilityGlobals) = postSolution
		SolutionGuid = {AF6B0CD8-E712-42F8-B898-B028654A64A4}
	EndGlobalSection
EndGlobal
